
Microsoft Visual Studio Solution File, Format Version 12.00
# Visual Studio Version 17
VisualStudioVersion = 17.7.34221.43
MinimumVisualStudioVersion = 10.0.40219.1
Project("{FAE04EC0-301F-11D3-BF4B-00C04F79EFBC}") = "VineforceJitendra", "VineforceJitendra\VineforceJitendra.csproj", "{8F47C594-D703-4E08-BDB5-02993680EEE8}"
EndProject
Global
	GlobalSection(SolutionConfigurationPlatforms) = preSolution
		Debug|Any CPU = Debug|Any CPU
		Release|Any CPU = Release|Any CPU
	EndGlobalSection
	GlobalSection(ProjectConfigurationPlatforms) = postSolution
		{8F47C594-D703-4E08-BDB5-02993680EEE8}.Debug|Any CPU.ActiveCfg = Debug|Any CPU
		{8F47C594-D703-4E08-BDB5-02993680EEE8}.Debug|Any CPU.Build.0 = Debug|Any CPU
		{8F47C594-D703-4E08-BDB5-02993680EEE8}.Release|Any CPU.ActiveCfg = Release|Any CPU
		{8F47C594-D703-4E08-BDB5-02993680EEE8}.Release|Any CPU.Build.0 = Release|Any CPU
	EndGlobalSection
	GlobalSection(SolutionProperties) = preSolution
		HideSolutionNode = FALSE
	EndGlobalSection
	GlobalSection(ExtensibilityGlobals) = postSolution
		SolutionGuid = {1B9221BE-708F-4134-ACAB-83284F4771F4}
	EndGlobalSection
EndGlobal
